
Microsoft Visual Studio Solution File, Format Version 12.00
# Visual Studio Version 18
VisualStudioVersion = 18.4.11626.88
MinimumVisualStudioVersion = 10.0.40219.1
Project("{FAE04EC0-301F-11D3-BF4B-00C04F79EFBC}") = "PadimSharp", "PadimSharp\PadimSharp.csproj", "{305F0178-CDCC-E3CE-3581-F9E286E8AD6E}"
EndProject
Project("{FAE04EC0-301F-11D3-BF4B-00C04F79EFBC}") = "PadimSharpDemo", "PadimSharpDemo\PadimSharpDemo.csproj", "{449D835E-DC67-7E1A-BEC6-848FE57B58D9}"
EndProject
Global
	GlobalSection(SolutionConfigurationPlatforms) = preSolution
		Debug|Any CPU = Debug|Any CPU
		Release|Any CPU = Release|Any CPU
	EndGlobalSection
	GlobalSection(ProjectConfigurationPlatforms) = postSolution
		{305F0178-CDCC-E3CE-3581-F9E286E8AD6E}.Debug|Any CPU.ActiveCfg = Debug|Any CPU
		{305F0178-CDCC-E3CE-3581-F9E286E8AD6E}.Debug|Any CPU.Build.0 = Debug|Any CPU
		{305F0178-CDCC-E3CE-3581-F9E286E8AD6E}.Release|Any CPU.ActiveCfg = Release|Any CPU
		{305F0178-CDCC-E3CE-3581-F9E286E8AD6E}.Release|Any CPU.Build.0 = Release|Any CPU
		{449D835E-DC67-7E1A-BEC6-848FE57B58D9}.Debug|Any CPU.ActiveCfg = Debug|Any CPU
		{449D835E-DC67-7E1A-BEC6-848FE57B58D9}.Debug|Any CPU.Build.0 = Debug|Any CPU
		{449D835E-DC67-7E1A-BEC6-848FE57B58D9}.Release|Any CPU.ActiveCfg = Release|Any CPU
		{449D835E-DC67-7E1A-BEC6-848FE57B58D9}.Release|Any CPU.Build.0 = Release|Any CPU
	EndGlobalSection
	GlobalSection(SolutionProperties) = preSolution
		HideSolutionNode = FALSE
	EndGlobalSection
	GlobalSection(ExtensibilityGlobals) = postSolution
		SolutionGuid = {4BA28439-73DA-406E-A31A-FB05BC570290}
	EndGlobalSection
EndGlobal
